
Microsoft Visual Studio Solution File, Format Version 12.00
# Visual Studio Version 16
VisualStudioVersion = 16.0.31313.79
MinimumVisualStudioVersion = 10.0.40219.1
Project("{FAE04EC0-301F-11D3-BF4B-00C04F79EFBC}") = "ApiDepartmentalStore", "ApiDepartmentalStore\ApiDepartmentalStore.csproj", "{0970D0BF-7305-4923-97E0-462C0DEBAC2E}"
EndProject
Project("{FAE04EC0-301F-11D3-BF4B-00C04F79EFBC}") = "DepartmentalStore.UI", "DepartmentalStore.UI\DepartmentalStore.UI.csproj", "{24E216C5-D05D-4C91-921C-536B1D3B224B}"
EndProject
Project("{FAE04EC0-301F-11D3-BF4B-00C04F79EFBC}") = "DepartmentalStore.Data", "DepartmentalStore.Data\DepartmentalStore.Data.csproj", "{2BD75884-9761-4C9D-A655-EDA861B388A1}"
EndProject
Global
	GlobalSection(SolutionConfigurationPlatforms) = preSolution
		Debug|Any CPU = Debug|Any CPU
		Release|Any CPU = Release|Any CPU
	EndGlobalSection
	GlobalSection(ProjectConfigurationPlatforms) = postSolution
		{0970D0BF-7305-4923-97E0-462C0DEBAC2E}.Debug|Any CPU.ActiveCfg = Debug|Any CPU
		{0970D0BF-7305-4923-97E0-462C0DEBAC2E}.Debug|Any CPU.Build.0 = Debug|Any CPU
		{0970D0BF-7305-4923-97E0-462C0DEBAC2E}.Release|Any CPU.ActiveCfg = Release|Any CPU
		{0970D0BF-7305-4923-97E0-462C0DEBAC2E}.Release|Any CPU.Build.0 = Release|Any CPU
		{24E216C5-D05D-4C91-921C-536B1D3B224B}.Debug|Any CPU.ActiveCfg = Debug|Any CPU
		{24E216C5-D05D-4C91-921C-536B1D3B224B}.Debug|Any CPU.Build.0 = Debug|Any CPU
		{24E216C5-D05D-4C91-921C-536B1D3B224B}.Release|Any CPU.ActiveCfg = Release|Any CPU
		{24E216C5-D05D-4C91-921C-536B1D3B224B}.Release|Any CPU.Build.0 = Release|Any CPU
		{2BD75884-9761-4C9D-A655-EDA861B388A1}.Debug|Any CPU.ActiveCfg = Debug|Any CPU
		{2BD75884-9761-4C9D-A655-EDA861B388A1}.Debug|Any CPU.Build.0 = Debug|Any CPU
		{2BD75884-9761-4C9D-A655-EDA861B388A1}.Release|Any CPU.ActiveCfg = Release|Any CPU
		{2BD75884-9761-4C9D-A655-EDA861B388A1}.Release|Any CPU.Build.0 = Release|Any CPU
	EndGlobalSection
	GlobalSection(SolutionProperties) = preSolution
		HideSolutionNode = FALSE
	EndGlobalSection
	GlobalSection(ExtensibilityGlobals) = postSolution
		SolutionGuid = {952E00DA-3AA8-4526-8314-F5F9189FA913}
	EndGlobalSection
EndGlobal
