
Microsoft Visual Studio Solution File, Format Version 12.00
# Visual Studio Version 16
VisualStudioVersion = 16.0.31313.79
MinimumVisualStudioVersion = 10.0.40219.1
Project("{9A19103F-16F7-4668-BE54-9A1E7A4F7556}") = "DepStore.UI", "ProductCatalog\DepStore.UI.csproj", "{67D82246-F8DC-4482-A1E2-945FA4D67615}"
EndProject
Project("{9A19103F-16F7-4668-BE54-9A1E7A4F7556}") = "DepStore", "ProductTable\DepStore.csproj", "{B341A47A-B369-415D-B27E-296A149A43F2}"
EndProject
Project("{9A19103F-16F7-4668-BE54-9A1E7A4F7556}") = "DepartmentContext", "ProductContext\DepartmentContext.csproj", "{BFD6A38B-8861-4A89-B1D3-37A11746702F}"
EndProject
Project("{9A19103F-16F7-4668-BE54-9A1E7A4F7556}") = "OperationOnDatabase", "OperationOnDatabase\OperationOnDatabase.csproj", "{3C913260-B918-4A7C-B3DA-2F4C75404765}"
EndProject
Global
	GlobalSection(SolutionConfigurationPlatforms) = preSolution
		Debug|Any CPU = Debug|Any CPU
		Release|Any CPU = Release|Any CPU
	EndGlobalSection
	GlobalSection(ProjectConfigurationPlatforms) = postSolution
		{67D82246-F8DC-4482-A1E2-945FA4D67615}.Debug|Any CPU.ActiveCfg = Debug|Any CPU
		{67D82246-F8DC-4482-A1E2-945FA4D67615}.Debug|Any CPU.Build.0 = Debug|Any CPU
		{67D82246-F8DC-4482-A1E2-945FA4D67615}.Release|Any CPU.ActiveCfg = Release|Any CPU
		{67D82246-F8DC-4482-A1E2-945FA4D67615}.Release|Any CPU.Build.0 = Release|Any CPU
		{B341A47A-B369-415D-B27E-296A149A43F2}.Debug|Any CPU.ActiveCfg = Debug|Any CPU
		{B341A47A-B369-415D-B27E-296A149A43F2}.Debug|Any CPU.Build.0 = Debug|Any CPU
		{B341A47A-B369-415D-B27E-296A149A43F2}.Release|Any CPU.ActiveCfg = Release|Any CPU
		{B341A47A-B369-415D-B27E-296A149A43F2}.Release|Any CPU.Build.0 = Release|Any CPU
		{BFD6A38B-8861-4A89-B1D3-37A11746702F}.Debug|Any CPU.ActiveCfg = Debug|Any CPU
		{BFD6A38B-8861-4A89-B1D3-37A11746702F}.Debug|Any CPU.Build.0 = Debug|Any CPU
		{BFD6A38B-8861-4A89-B1D3-37A11746702F}.Release|Any CPU.ActiveCfg = Release|Any CPU
		{BFD6A38B-8861-4A89-B1D3-37A11746702F}.Release|Any CPU.Build.0 = Release|Any CPU
		{3C913260-B918-4A7C-B3DA-2F4C75404765}.Debug|Any CPU.ActiveCfg = Debug|Any CPU
		{3C913260-B918-4A7C-B3DA-2F4C75404765}.Debug|Any CPU.Build.0 = Debug|Any CPU
		{3C913260-B918-4A7C-B3DA-2F4C75404765}.Release|Any CPU.ActiveCfg = Release|Any CPU
		{3C913260-B918-4A7C-B3DA-2F4C75404765}.Release|Any CPU.Build.0 = Release|Any CPU
	EndGlobalSection
	GlobalSection(SolutionProperties) = preSolution
		HideSolutionNode = FALSE
	EndGlobalSection
	GlobalSection(ExtensibilityGlobals) = postSolution
		SolutionGuid = {2934EFD9-6EE8-41A2-96E2-B3824AAB9E66}
	EndGlobalSection
EndGlobal
